
Microsoft Visual Studio Solution File, Format Version 12.00
# Visual Studio Version 17
VisualStudioVersion = 17.13.36105.23 d17.13
MinimumVisualStudioVersion = 10.0.40219.1
Project("{FAE04EC0-301F-11D3-BF4B-00C04F79EFBC}") = "NotionAutomation.Api", "NotionAutomation.Api\NotionAutomation.Api.csproj", "{6081AAA1-AD28-4C5C-AD6F-AAC4E9C7ACA2}"
EndProject
Global
	GlobalSection(SolutionConfigurationPlatforms) = preSolution
		Debug|Any CPU = Debug|Any CPU
		Release|Any CPU = Release|Any CPU
	EndGlobalSection
	GlobalSection(ProjectConfigurationPlatforms) = postSolution
		{6081AAA1-AD28-4C5C-AD6F-AAC4E9C7ACA2}.Debug|Any CPU.ActiveCfg = Debug|Any CPU
		{6081AAA1-AD28-4C5C-AD6F-AAC4E9C7ACA2}.Debug|Any CPU.Build.0 = Debug|Any CPU
		{6081AAA1-AD28-4C5C-AD6F-AAC4E9C7ACA2}.Release|Any CPU.ActiveCfg = Release|Any CPU
		{6081AAA1-AD28-4C5C-AD6F-AAC4E9C7ACA2}.Release|Any CPU.Build.0 = Release|Any CPU
	EndGlobalSection
	GlobalSection(SolutionProperties) = preSolution
		HideSolutionNode = FALSE
	EndGlobalSection
	GlobalSection(ExtensibilityGlobals) = postSolution
		SolutionGuid = {78C0EC31-DB95-4439-95BA-A175CE9984E1}
	EndGlobalSection
EndGlobal
